
Microsoft Visual Studio Solution File, Format Version 12.00
# Visual Studio Version 17
VisualStudioVersion = 17.7.34221.43
MinimumVisualStudioVersion = 10.0.40219.1
Project("{FAE04EC0-301F-11D3-BF4B-00C04F79EFBC}") = "backend-dotnet7", "backend-dotnet7\backend-dotnet7.csproj", "{F45D4E39-2B2D-46A6-A266-D07CC1FAFEE9}"
EndProject
Global
	GlobalSection(SolutionConfigurationPlatforms) = preSolution
		Debug|Any CPU = Debug|Any CPU
		Release|Any CPU = Release|Any CPU
	EndGlobalSection
	GlobalSection(ProjectConfigurationPlatforms) = postSolution
		{F45D4E39-2B2D-46A6-A266-D07CC1FAFEE9}.Debug|Any CPU.ActiveCfg = Debug|Any CPU
		{F45D4E39-2B2D-46A6-A266-D07CC1FAFEE9}.Debug|Any CPU.Build.0 = Debug|Any CPU
		{F45D4E39-2B2D-46A6-A266-D07CC1FAFEE9}.Release|Any CPU.ActiveCfg = Release|Any CPU
		{F45D4E39-2B2D-46A6-A266-D07CC1FAFEE9}.Release|Any CPU.Build.0 = Release|Any CPU
	EndGlobalSection
	GlobalSection(SolutionProperties) = preSolution
		HideSolutionNode = FALSE
	EndGlobalSection
	GlobalSection(ExtensibilityGlobals) = postSolution
		SolutionGuid = {014F6750-C98A-4A56-9803-0C6D52FF8410}
	EndGlobalSection
EndGlobal
